
Microsoft Visual Studio Solution File, Format Version 12.00
# Visual Studio Version 17
VisualStudioVersion = 17.13.35806.99
MinimumVisualStudioVersion = 10.0.40219.1
Project("{FAE04EC0-301F-11D3-BF4B-00C04F79EFBC}") = "FluentQuery", "src\FluentQuery\FluentQuery.csproj", "{11C29010-E1B4-46AC-A051-6FC80213E5A5}"
EndProject
Project("{2150E333-8FDC-42A3-9474-1A3956D46DE8}") = "src", "src", "{02EA681E-C7D8-13C7-8484-4AC65E1B71E8}"
EndProject
Project("{FAE04EC0-301F-11D3-BF4B-00C04F79EFBC}") = "FluentQuery.InMemory", "src\FluentQuery.InMemory\FluentQuery.InMemory.csproj", "{16C3D73A-F48C-4465-A875-BA381AD7BBF6}"
EndProject
Global
	GlobalSection(SolutionConfigurationPlatforms) = preSolution
		Debug|Any CPU = Debug|Any CPU
		Release|Any CPU = Release|Any CPU
	EndGlobalSection
	GlobalSection(ProjectConfigurationPlatforms) = postSolution
		{11C29010-E1B4-46AC-A051-6FC80213E5A5}.Debug|Any CPU.ActiveCfg = Debug|Any CPU
		{11C29010-E1B4-46AC-A051-6FC80213E5A5}.Debug|Any CPU.Build.0 = Debug|Any CPU
		{11C29010-E1B4-46AC-A051-6FC80213E5A5}.Release|Any CPU.ActiveCfg = Release|Any CPU
		{11C29010-E1B4-46AC-A051-6FC80213E5A5}.Release|Any CPU.Build.0 = Release|Any CPU
		{16C3D73A-F48C-4465-A875-BA381AD7BBF6}.Debug|Any CPU.ActiveCfg = Debug|Any CPU
		{16C3D73A-F48C-4465-A875-BA381AD7BBF6}.Debug|Any CPU.Build.0 = Debug|Any CPU
		{16C3D73A-F48C-4465-A875-BA381AD7BBF6}.Release|Any CPU.ActiveCfg = Release|Any CPU
		{16C3D73A-F48C-4465-A875-BA381AD7BBF6}.Release|Any CPU.Build.0 = Release|Any CPU
	EndGlobalSection
	GlobalSection(SolutionProperties) = preSolution
		HideSolutionNode = FALSE
	EndGlobalSection
	GlobalSection(NestedProjects) = preSolution
		{11C29010-E1B4-46AC-A051-6FC80213E5A5} = {02EA681E-C7D8-13C7-8484-4AC65E1B71E8}
		{16C3D73A-F48C-4465-A875-BA381AD7BBF6} = {02EA681E-C7D8-13C7-8484-4AC65E1B71E8}
	EndGlobalSection
	GlobalSection(ExtensibilityGlobals) = postSolution
		SolutionGuid = {752E44E1-02EF-4463-B808-F6F1499EA95F}
	EndGlobalSection
EndGlobal
